
Microsoft Visual Studio Solution File, Format Version 12.00
# Visual Studio Version 16
VisualStudioVersion = 16.0.31205.134
MinimumVisualStudioVersion = 10.0.40219.1
Project("{2150E333-8FDC-42A3-9474-1A3956D46DE8}") = "Services", "Services", "{97B7A869-B11E-46D2-A397-3B77FDE053E1}"
EndProject
Project("{2150E333-8FDC-42A3-9474-1A3956D46DE8}") = "Catalog", "Catalog", "{607955BE-AC11-4B8D-ADBF-E966AF6441F4}"
EndProject
Project("{9A19103F-16F7-4668-BE54-9A1E7A4F7556}") = "Catalog.API", "Services\Catalog\Catalog.API\Catalog.API.csproj", "{307F70A9-7E54-4932-AEFA-209A828C43CA}"
EndProject
Project("{E53339B2-1760-4266-BCC7-CA923CBCF16C}") = "docker-compose", "docker-compose.dcproj", "{65C206DE-822C-41BB-B360-00C2E552F688}"
EndProject
Project("{2150E333-8FDC-42A3-9474-1A3956D46DE8}") = "Basket", "Basket", "{F52680A0-9448-4CBE-B030-C3A6C130671B}"
EndProject
Project("{FAE04EC0-301F-11D3-BF4B-00C04F79EFBC}") = "Basket.API", "Services\Basket\Basket.API\Basket.API.csproj", "{082A5912-68ED-4BEA-8652-AF483BE6B480}"
EndProject
Global
	GlobalSection(SolutionConfigurationPlatforms) = preSolution
		Debug|Any CPU = Debug|Any CPU
		Release|Any CPU = Release|Any CPU
	EndGlobalSection
	GlobalSection(ProjectConfigurationPlatforms) = postSolution
		{307F70A9-7E54-4932-AEFA-209A828C43CA}.Debug|Any CPU.ActiveCfg = Debug|Any CPU
		{307F70A9-7E54-4932-AEFA-209A828C43CA}.Debug|Any CPU.Build.0 = Debug|Any CPU
		{307F70A9-7E54-4932-AEFA-209A828C43CA}.Release|Any CPU.ActiveCfg = Release|Any CPU
		{307F70A9-7E54-4932-AEFA-209A828C43CA}.Release|Any CPU.Build.0 = Release|Any CPU
		{65C206DE-822C-41BB-B360-00C2E552F688}.Debug|Any CPU.ActiveCfg = Debug|Any CPU
		{65C206DE-822C-41BB-B360-00C2E552F688}.Debug|Any CPU.Build.0 = Debug|Any CPU
		{65C206DE-822C-41BB-B360-00C2E552F688}.Release|Any CPU.ActiveCfg = Release|Any CPU
		{65C206DE-822C-41BB-B360-00C2E552F688}.Release|Any CPU.Build.0 = Release|Any CPU
		{082A5912-68ED-4BEA-8652-AF483BE6B480}.Debug|Any CPU.ActiveCfg = Debug|Any CPU
		{082A5912-68ED-4BEA-8652-AF483BE6B480}.Debug|Any CPU.Build.0 = Debug|Any CPU
		{082A5912-68ED-4BEA-8652-AF483BE6B480}.Release|Any CPU.ActiveCfg = Release|Any CPU
		{082A5912-68ED-4BEA-8652-AF483BE6B480}.Release|Any CPU.Build.0 = Release|Any CPU
	EndGlobalSection
	GlobalSection(SolutionProperties) = preSolution
		HideSolutionNode = FALSE
	EndGlobalSection
	GlobalSection(NestedProjects) = preSolution
		{607955BE-AC11-4B8D-ADBF-E966AF6441F4} = {97B7A869-B11E-46D2-A397-3B77FDE053E1}
		{307F70A9-7E54-4932-AEFA-209A828C43CA} = {607955BE-AC11-4B8D-ADBF-E966AF6441F4}
		{F52680A0-9448-4CBE-B030-C3A6C130671B} = {97B7A869-B11E-46D2-A397-3B77FDE053E1}
		{082A5912-68ED-4BEA-8652-AF483BE6B480} = {F52680A0-9448-4CBE-B030-C3A6C130671B}
	EndGlobalSection
	GlobalSection(ExtensibilityGlobals) = postSolution
		SolutionGuid = {5E8B6901-D9C1-473A-A4EC-2A6C8CB45375}
	EndGlobalSection
EndGlobal
